
Microsoft Visual Studio Solution File, Format Version 12.00
# Visual Studio Version 17
VisualStudioVersion = 17.9.34723.18
MinimumVisualStudioVersion = 10.0.40219.1
Project("{FAE04EC0-301F-11D3-BF4B-00C04F79EFBC}") = "Exercicio1", "Exercicio1\Exercicio1.csproj", "{B85D2055-2518-49B2-B980-8A5B45C5F170}"
EndProject
Project("{FAE04EC0-301F-11D3-BF4B-00C04F79EFBC}") = "Exercicio2", "Exercicio2\Exercicio2.csproj", "{38406593-49A5-4E2E-A663-DD2B152B501F}"
EndProject
Project("{FAE04EC0-301F-11D3-BF4B-00C04F79EFBC}") = "Exercicio3", "Exercicio3\Exercicio3.csproj", "{C17F8FE8-CA40-41CD-AC8A-46D43EFC816D}"
EndProject
Global
	GlobalSection(SolutionConfigurationPlatforms) = preSolution
		Debug|Any CPU = Debug|Any CPU
		Release|Any CPU = Release|Any CPU
	EndGlobalSection
	GlobalSection(ProjectConfigurationPlatforms) = postSolution
		{B85D2055-2518-49B2-B980-8A5B45C5F170}.Debug|Any CPU.ActiveCfg = Debug|Any CPU
		{B85D2055-2518-49B2-B980-8A5B45C5F170}.Debug|Any CPU.Build.0 = Debug|Any CPU
		{B85D2055-2518-49B2-B980-8A5B45C5F170}.Release|Any CPU.ActiveCfg = Release|Any CPU
		{B85D2055-2518-49B2-B980-8A5B45C5F170}.Release|Any CPU.Build.0 = Release|Any CPU
		{38406593-49A5-4E2E-A663-DD2B152B501F}.Debug|Any CPU.ActiveCfg = Debug|Any CPU
		{38406593-49A5-4E2E-A663-DD2B152B501F}.Debug|Any CPU.Build.0 = Debug|Any CPU
		{38406593-49A5-4E2E-A663-DD2B152B501F}.Release|Any CPU.ActiveCfg = Release|Any CPU
		{38406593-49A5-4E2E-A663-DD2B152B501F}.Release|Any CPU.Build.0 = Release|Any CPU
		{C17F8FE8-CA40-41CD-AC8A-46D43EFC816D}.Debug|Any CPU.ActiveCfg = Debug|Any CPU
		{C17F8FE8-CA40-41CD-AC8A-46D43EFC816D}.Debug|Any CPU.Build.0 = Debug|Any CPU
		{C17F8FE8-CA40-41CD-AC8A-46D43EFC816D}.Release|Any CPU.ActiveCfg = Release|Any CPU
		{C17F8FE8-CA40-41CD-AC8A-46D43EFC816D}.Release|Any CPU.Build.0 = Release|Any CPU
	EndGlobalSection
	GlobalSection(SolutionProperties) = preSolution
		HideSolutionNode = FALSE
	EndGlobalSection
	GlobalSection(ExtensibilityGlobals) = postSolution
		SolutionGuid = {7666CD9C-2A49-4588-AD7F-0A06CEAB41CA}
	EndGlobalSection
EndGlobal
